
Microsoft Visual Studio Solution File, Format Version 12.00
# Visual Studio Version 17
VisualStudioVersion = 17.14.36518.9 d17.14
MinimumVisualStudioVersion = 10.0.40219.1
Project("{FAE04EC0-301F-11D3-BF4B-00C04F79EFBC}") = "demo", "demo\demo.csproj", "{33B92C6E-22E9-471A-8312-CEB004F887F5}"
EndProject
Project("{FAE04EC0-301F-11D3-BF4B-00C04F79EFBC}") = "DemoTests", "DemoTests\DemoTests.csproj", "{8580634A-5860-494F-959D-5C48273B68E5}"
EndProject
Global
	GlobalSection(SolutionConfigurationPlatforms) = preSolution
		Debug|Any CPU = Debug|Any CPU
		Release|Any CPU = Release|Any CPU
	EndGlobalSection
	GlobalSection(ProjectConfigurationPlatforms) = postSolution
		{33B92C6E-22E9-471A-8312-CEB004F887F5}.Debug|Any CPU.ActiveCfg = Debug|Any CPU
		{33B92C6E-22E9-471A-8312-CEB004F887F5}.Debug|Any CPU.Build.0 = Debug|Any CPU
		{33B92C6E-22E9-471A-8312-CEB004F887F5}.Release|Any CPU.ActiveCfg = Release|Any CPU
		{33B92C6E-22E9-471A-8312-CEB004F887F5}.Release|Any CPU.Build.0 = Release|Any CPU
		{8580634A-5860-494F-959D-5C48273B68E5}.Debug|Any CPU.ActiveCfg = Debug|Any CPU
		{8580634A-5860-494F-959D-5C48273B68E5}.Debug|Any CPU.Build.0 = Debug|Any CPU
		{8580634A-5860-494F-959D-5C48273B68E5}.Release|Any CPU.ActiveCfg = Release|Any CPU
		{8580634A-5860-494F-959D-5C48273B68E5}.Release|Any CPU.Build.0 = Release|Any CPU
	EndGlobalSection
	GlobalSection(SolutionProperties) = preSolution
		HideSolutionNode = FALSE
	EndGlobalSection
	GlobalSection(ExtensibilityGlobals) = postSolution
		SolutionGuid = {40A3DE9E-68C2-428D-94D9-2394B7359905}
	EndGlobalSection
EndGlobal
